
Microsoft Visual Studio Solution File, Format Version 12.00
# Visual Studio Version 16
VisualStudioVersion = 16.0.30907.101
MinimumVisualStudioVersion = 10.0.40219.1
Project("{FAE04EC0-301F-11D3-BF4B-00C04F79EFBC}") = "WebAPI", "WebAPI\WebAPI.csproj", "{B1FE0DDC-E7EB-476D-9C7C-6482E39F7F0A}"
EndProject
Global
	GlobalSection(SolutionConfigurationPlatforms) = preSolution
		Debug|Any CPU = Debug|Any CPU
		Release|Any CPU = Release|Any CPU
	EndGlobalSection
	GlobalSection(ProjectConfigurationPlatforms) = postSolution
		{B1FE0DDC-E7EB-476D-9C7C-6482E39F7F0A}.Debug|Any CPU.ActiveCfg = Debug|Any CPU
		{B1FE0DDC-E7EB-476D-9C7C-6482E39F7F0A}.Debug|Any CPU.Build.0 = Debug|Any CPU
		{B1FE0DDC-E7EB-476D-9C7C-6482E39F7F0A}.Release|Any CPU.ActiveCfg = Release|Any CPU
		{B1FE0DDC-E7EB-476D-9C7C-6482E39F7F0A}.Release|Any CPU.Build.0 = Release|Any CPU
	EndGlobalSection
	GlobalSection(SolutionProperties) = preSolution
		HideSolutionNode = FALSE
	EndGlobalSection
	GlobalSection(ExtensibilityGlobals) = postSolution
		SolutionGuid = {78AF4B65-06D3-42E1-A7E7-4980BDC8C1B6}
	EndGlobalSection
EndGlobal
